
Microsoft Visual Studio Solution File, Format Version 11.00
# Visual Studio 2010
# SharpDevelop 4.2.1.8805
Project("{FD48973F-F585-4F70-812B-4D0503B36CE9}") = "Test", "Test\Test.pyproj", "{EDC99358-6C8E-4AF9-BD2F-AB3279A08A1E}"
EndProject
Global
	GlobalSection(SolutionConfigurationPlatforms) = preSolution
		Debug|x86 = Debug|x86
		Release|x86 = Release|x86
	EndGlobalSection
	GlobalSection(ProjectConfigurationPlatforms) = postSolution
		{EDC99358-6C8E-4AF9-BD2F-AB3279A08A1E}.Debug|x86.Build.0 = Debug|x86
		{EDC99358-6C8E-4AF9-BD2F-AB3279A08A1E}.Debug|x86.ActiveCfg = Debug|x86
		{EDC99358-6C8E-4AF9-BD2F-AB3279A08A1E}.Release|x86.Build.0 = Release|x86
		{EDC99358-6C8E-4AF9-BD2F-AB3279A08A1E}.Release|x86.ActiveCfg = Release|x86
	EndGlobalSection
EndGlobal
