
Microsoft Visual Studio Solution File, Format Version 11.00
# Visual Studio 2010
# SharpDevelop 4.2.1.8805
Project("{FD48973F-F585-4F70-812B-4D0503B36CE9}") = "FruitLoops", "FruitLoops.pyproj", "{BF7F6345-DDE7-4532-9A9A-278B7CFCD1FC}"
EndProject
Global
	GlobalSection(SolutionConfigurationPlatforms) = preSolution
		Debug|x86 = Debug|x86
		Release|x86 = Release|x86
	EndGlobalSection
	GlobalSection(ProjectConfigurationPlatforms) = postSolution
		{BF7F6345-DDE7-4532-9A9A-278B7CFCD1FC}.Debug|x86.Build.0 = Debug|x86
		{BF7F6345-DDE7-4532-9A9A-278B7CFCD1FC}.Debug|x86.ActiveCfg = Debug|x86
		{BF7F6345-DDE7-4532-9A9A-278B7CFCD1FC}.Release|x86.Build.0 = Release|x86
		{BF7F6345-DDE7-4532-9A9A-278B7CFCD1FC}.Release|x86.ActiveCfg = Release|x86
	EndGlobalSection
EndGlobal
