
Microsoft Visual Studio Solution File, Format Version 11.00
# Visual Studio 2010
# SharpDevelop 4.2.1.8805
Project("{FD48973F-F585-4F70-812B-4D0503B36CE9}") = "Prog54a", "Prog54a.pyproj", "{1FC5469C-2F59-42FD-841A-B8EBBB53B9E7}"
EndProject
Global
	GlobalSection(SolutionConfigurationPlatforms) = preSolution
		Debug|x86 = Debug|x86
		Release|x86 = Release|x86
	EndGlobalSection
	GlobalSection(ProjectConfigurationPlatforms) = postSolution
		{1FC5469C-2F59-42FD-841A-B8EBBB53B9E7}.Debug|x86.Build.0 = Debug|x86
		{1FC5469C-2F59-42FD-841A-B8EBBB53B9E7}.Debug|x86.ActiveCfg = Debug|x86
		{1FC5469C-2F59-42FD-841A-B8EBBB53B9E7}.Release|x86.Build.0 = Release|x86
		{1FC5469C-2F59-42FD-841A-B8EBBB53B9E7}.Release|x86.ActiveCfg = Release|x86
	EndGlobalSection
EndGlobal
