
Microsoft Visual Studio Solution File, Format Version 11.00
# Visual Studio 2010
# SharpDevelop 4.2.1.8805
Project("{FD48973F-F585-4F70-812B-4D0503B36CE9}") = "Prog54a", "Prog54a.pyproj", "{D3FF5D28-BE0D-41B6-BF64-BE2892FC94F2}"
EndProject
Global
	GlobalSection(SolutionConfigurationPlatforms) = preSolution
		Debug|x86 = Debug|x86
		Release|x86 = Release|x86
	EndGlobalSection
	GlobalSection(ProjectConfigurationPlatforms) = postSolution
		{D3FF5D28-BE0D-41B6-BF64-BE2892FC94F2}.Debug|x86.Build.0 = Debug|x86
		{D3FF5D28-BE0D-41B6-BF64-BE2892FC94F2}.Debug|x86.ActiveCfg = Debug|x86
		{D3FF5D28-BE0D-41B6-BF64-BE2892FC94F2}.Release|x86.Build.0 = Release|x86
		{D3FF5D28-BE0D-41B6-BF64-BE2892FC94F2}.Release|x86.ActiveCfg = Release|x86
	EndGlobalSection
EndGlobal
