
Microsoft Visual Studio Solution File, Format Version 11.00
# Visual Studio 2010
# SharpDevelop 4.2.1.8805
Project("{FD48973F-F585-4F70-812B-4D0503B36CE9}") = "HelloWorld", "HelloWorld\HelloWorld.pyproj", "{52024459-D80B-4860-90A5-4C5951268A11}"
EndProject
Global
	GlobalSection(SolutionConfigurationPlatforms) = preSolution
		Debug|x86 = Debug|x86
		Release|x86 = Release|x86
	EndGlobalSection
	GlobalSection(ProjectConfigurationPlatforms) = postSolution
		{52024459-D80B-4860-90A5-4C5951268A11}.Debug|x86.Build.0 = Debug|x86
		{52024459-D80B-4860-90A5-4C5951268A11}.Debug|x86.ActiveCfg = Debug|x86
		{52024459-D80B-4860-90A5-4C5951268A11}.Release|x86.Build.0 = Release|x86
		{52024459-D80B-4860-90A5-4C5951268A11}.Release|x86.ActiveCfg = Release|x86
	EndGlobalSection
EndGlobal
