
Microsoft Visual Studio Solution File, Format Version 11.00
# Visual Studio 2010
# SharpDevelop 4.2.1.8805
Project("{FD48973F-F585-4F70-812B-4D0503B36CE9}") = "HelloWorld2", "HelloWorld2\HelloWorld2.pyproj", "{ABB4FAD2-DC66-484D-AB55-37424F2091FD}"
EndProject
Global
	GlobalSection(SolutionConfigurationPlatforms) = preSolution
		Debug|x86 = Debug|x86
		Release|x86 = Release|x86
	EndGlobalSection
	GlobalSection(ProjectConfigurationPlatforms) = postSolution
		{ABB4FAD2-DC66-484D-AB55-37424F2091FD}.Debug|x86.Build.0 = Debug|x86
		{ABB4FAD2-DC66-484D-AB55-37424F2091FD}.Debug|x86.ActiveCfg = Debug|x86
		{ABB4FAD2-DC66-484D-AB55-37424F2091FD}.Release|x86.Build.0 = Release|x86
		{ABB4FAD2-DC66-484D-AB55-37424F2091FD}.Release|x86.ActiveCfg = Release|x86
	EndGlobalSection
EndGlobal
