
Microsoft Visual Studio Solution File, Format Version 11.00
# Visual Studio 2010
# SharpDevelop 4.2.1.8805
Project("{FD48973F-F585-4F70-812B-4D0503B36CE9}") = "Prog52a", "Prog52a.pyproj", "{30C32213-A388-4EC4-956B-79A1B6D35E90}"
EndProject
Global
	GlobalSection(SolutionConfigurationPlatforms) = preSolution
		Debug|x86 = Debug|x86
		Release|x86 = Release|x86
	EndGlobalSection
	GlobalSection(ProjectConfigurationPlatforms) = postSolution
		{30C32213-A388-4EC4-956B-79A1B6D35E90}.Debug|x86.Build.0 = Debug|x86
		{30C32213-A388-4EC4-956B-79A1B6D35E90}.Debug|x86.ActiveCfg = Debug|x86
		{30C32213-A388-4EC4-956B-79A1B6D35E90}.Release|x86.Build.0 = Release|x86
		{30C32213-A388-4EC4-956B-79A1B6D35E90}.Release|x86.ActiveCfg = Release|x86
	EndGlobalSection
EndGlobal
