
Microsoft Visual Studio Solution File, Format Version 11.00
# Visual Studio 2010
# SharpDevelop 4.2.1.8805
Project("{BD8E9625-815A-4BDB-B228-5D4F9C2541A1}") = "Prog52a", "Prog52a.rbproj", "{9EB12FD6-9826-4A2C-8CDD-A1C6A1BA600C}"
EndProject
Global
	GlobalSection(SolutionConfigurationPlatforms) = preSolution
		Debug|x86 = Debug|x86
		Release|x86 = Release|x86
	EndGlobalSection
	GlobalSection(ProjectConfigurationPlatforms) = postSolution
		{9EB12FD6-9826-4A2C-8CDD-A1C6A1BA600C}.Debug|x86.Build.0 = Debug|x86
		{9EB12FD6-9826-4A2C-8CDD-A1C6A1BA600C}.Debug|x86.ActiveCfg = Debug|x86
		{9EB12FD6-9826-4A2C-8CDD-A1C6A1BA600C}.Release|x86.Build.0 = Release|x86
		{9EB12FD6-9826-4A2C-8CDD-A1C6A1BA600C}.Release|x86.ActiveCfg = Release|x86
	EndGlobalSection
EndGlobal
