
Microsoft Visual Studio Solution File, Format Version 11.00
# Visual Studio 2010
# SharpDevelop 4.2.1.8805
Project("{FD48973F-F585-4F70-812B-4D0503B36CE9}") = "Prog88a", "Prog88a.pyproj", "{6072711A-C131-4975-A68D-F4E0AAFE9D3B}"
EndProject
Global
	GlobalSection(SolutionConfigurationPlatforms) = preSolution
		Debug|x86 = Debug|x86
		Release|x86 = Release|x86
	EndGlobalSection
	GlobalSection(ProjectConfigurationPlatforms) = postSolution
		{6072711A-C131-4975-A68D-F4E0AAFE9D3B}.Debug|x86.Build.0 = Debug|x86
		{6072711A-C131-4975-A68D-F4E0AAFE9D3B}.Debug|x86.ActiveCfg = Debug|x86
		{6072711A-C131-4975-A68D-F4E0AAFE9D3B}.Release|x86.Build.0 = Release|x86
		{6072711A-C131-4975-A68D-F4E0AAFE9D3B}.Release|x86.ActiveCfg = Release|x86
	EndGlobalSection
EndGlobal
