
Microsoft Visual Studio Solution File, Format Version 11.00
# Visual Studio 2010
# SharpDevelop 4.2.1.8805
Project("{FD48973F-F585-4F70-812B-4D0503B36CE9}") = "SlotMachine", "SlotMachine\SlotMachine.pyproj", "{30C06EC2-7535-40C9-B14C-21627B679EB8}"
EndProject
Global
	GlobalSection(SolutionConfigurationPlatforms) = preSolution
		Debug|x86 = Debug|x86
		Release|x86 = Release|x86
	EndGlobalSection
	GlobalSection(ProjectConfigurationPlatforms) = postSolution
		{30C06EC2-7535-40C9-B14C-21627B679EB8}.Debug|x86.Build.0 = Debug|x86
		{30C06EC2-7535-40C9-B14C-21627B679EB8}.Debug|x86.ActiveCfg = Debug|x86
		{30C06EC2-7535-40C9-B14C-21627B679EB8}.Release|x86.Build.0 = Release|x86
		{30C06EC2-7535-40C9-B14C-21627B679EB8}.Release|x86.ActiveCfg = Release|x86
	EndGlobalSection
EndGlobal
