
Microsoft Visual Studio Solution File, Format Version 11.00
# Visual Studio 2010
# SharpDevelop 4.2.1.8805
Project("{FD48973F-F585-4F70-812B-4D0503B36CE9}") = "Prog76a", "Prog76a.pyproj", "{422C62DB-F973-4E25-86DD-6D2851A0E500}"
EndProject
Global
	GlobalSection(SolutionConfigurationPlatforms) = preSolution
		Debug|x86 = Debug|x86
		Release|x86 = Release|x86
	EndGlobalSection
	GlobalSection(ProjectConfigurationPlatforms) = postSolution
		{422C62DB-F973-4E25-86DD-6D2851A0E500}.Debug|x86.Build.0 = Debug|x86
		{422C62DB-F973-4E25-86DD-6D2851A0E500}.Debug|x86.ActiveCfg = Debug|x86
		{422C62DB-F973-4E25-86DD-6D2851A0E500}.Release|x86.Build.0 = Release|x86
		{422C62DB-F973-4E25-86DD-6D2851A0E500}.Release|x86.ActiveCfg = Release|x86
	EndGlobalSection
EndGlobal
