
Microsoft Visual Studio Solution File, Format Version 11.00
# Visual Studio 2010
# SharpDevelop 4.2.1.8805
Project("{FD48973F-F585-4F70-812B-4D0503B36CE9}") = "Prog162b", "Prog162b.pyproj", "{B7BCDCDD-522E-41E4-9414-023A2FF2A293}"
EndProject
Global
	GlobalSection(SolutionConfigurationPlatforms) = preSolution
		Debug|x86 = Debug|x86
		Release|x86 = Release|x86
	EndGlobalSection
	GlobalSection(ProjectConfigurationPlatforms) = postSolution
		{B7BCDCDD-522E-41E4-9414-023A2FF2A293}.Debug|x86.Build.0 = Debug|x86
		{B7BCDCDD-522E-41E4-9414-023A2FF2A293}.Debug|x86.ActiveCfg = Debug|x86
		{B7BCDCDD-522E-41E4-9414-023A2FF2A293}.Release|x86.Build.0 = Release|x86
		{B7BCDCDD-522E-41E4-9414-023A2FF2A293}.Release|x86.ActiveCfg = Release|x86
	EndGlobalSection
EndGlobal
