
Microsoft Visual Studio Solution File, Format Version 11.00
# Visual Studio 2010
# SharpDevelop 4.2.1.8805
Project("{FD48973F-F585-4F70-812B-4D0503B36CE9}") = "Prog162b", "Prog162b.pyproj", "{CA2F9904-C8CC-42C9-A011-CDAB24AEC32B}"
EndProject
Global
	GlobalSection(SolutionConfigurationPlatforms) = preSolution
		Debug|x86 = Debug|x86
		Release|x86 = Release|x86
	EndGlobalSection
	GlobalSection(ProjectConfigurationPlatforms) = postSolution
		{CA2F9904-C8CC-42C9-A011-CDAB24AEC32B}.Debug|x86.Build.0 = Debug|x86
		{CA2F9904-C8CC-42C9-A011-CDAB24AEC32B}.Debug|x86.ActiveCfg = Debug|x86
		{CA2F9904-C8CC-42C9-A011-CDAB24AEC32B}.Release|x86.Build.0 = Release|x86
		{CA2F9904-C8CC-42C9-A011-CDAB24AEC32B}.Release|x86.ActiveCfg = Release|x86
	EndGlobalSection
EndGlobal
