
Microsoft Visual Studio Solution File, Format Version 11.00
# Visual Studio 2010
# SharpDevelop 4.2.1.8805
Project("{FD48973F-F585-4F70-812B-4D0503B36CE9}") = "Pong", "Pong\Pong.pyproj", "{D569516F-A291-4B8A-8806-2F6C9D6750C2}"
EndProject
Global
	GlobalSection(SolutionConfigurationPlatforms) = preSolution
		Debug|x86 = Debug|x86
		Release|x86 = Release|x86
	EndGlobalSection
	GlobalSection(ProjectConfigurationPlatforms) = postSolution
		{D569516F-A291-4B8A-8806-2F6C9D6750C2}.Debug|x86.Build.0 = Debug|x86
		{D569516F-A291-4B8A-8806-2F6C9D6750C2}.Debug|x86.ActiveCfg = Debug|x86
		{D569516F-A291-4B8A-8806-2F6C9D6750C2}.Release|x86.Build.0 = Release|x86
		{D569516F-A291-4B8A-8806-2F6C9D6750C2}.Release|x86.ActiveCfg = Release|x86
	EndGlobalSection
EndGlobal
