
Microsoft Visual Studio Solution File, Format Version 11.00
# Visual Studio 2010
# SharpDevelop 4.2.1.8805
Project("{FD48973F-F585-4F70-812B-4D0503B36CE9}") = "Pong", "Pong\Pong.pyproj", "{D0D5C2F3-30EE-4980-B08D-9BD422DCF082}"
EndProject
Global
	GlobalSection(SolutionConfigurationPlatforms) = preSolution
		Debug|x86 = Debug|x86
		Release|x86 = Release|x86
	EndGlobalSection
	GlobalSection(ProjectConfigurationPlatforms) = postSolution
		{D0D5C2F3-30EE-4980-B08D-9BD422DCF082}.Debug|x86.Build.0 = Debug|x86
		{D0D5C2F3-30EE-4980-B08D-9BD422DCF082}.Debug|x86.ActiveCfg = Debug|x86
		{D0D5C2F3-30EE-4980-B08D-9BD422DCF082}.Release|x86.Build.0 = Release|x86
		{D0D5C2F3-30EE-4980-B08D-9BD422DCF082}.Release|x86.ActiveCfg = Release|x86
	EndGlobalSection
EndGlobal
