
Microsoft Visual Studio Solution File, Format Version 11.00
# Visual Studio 2010
# SharpDevelop 4.2.1.8805
Project("{FD48973F-F585-4F70-812B-4D0503B36CE9}") = "Pong", "Pong.pyproj", "{15C8DA6F-5CFC-4E72-A2D2-E4476F8D2A9F}"
EndProject
Global
	GlobalSection(SolutionConfigurationPlatforms) = preSolution
		Debug|x86 = Debug|x86
		Release|x86 = Release|x86
	EndGlobalSection
	GlobalSection(ProjectConfigurationPlatforms) = postSolution
		{15C8DA6F-5CFC-4E72-A2D2-E4476F8D2A9F}.Debug|x86.Build.0 = Debug|x86
		{15C8DA6F-5CFC-4E72-A2D2-E4476F8D2A9F}.Debug|x86.ActiveCfg = Debug|x86
		{15C8DA6F-5CFC-4E72-A2D2-E4476F8D2A9F}.Release|x86.Build.0 = Release|x86
		{15C8DA6F-5CFC-4E72-A2D2-E4476F8D2A9F}.Release|x86.ActiveCfg = Release|x86
	EndGlobalSection
EndGlobal
